
Microsoft Visual Studio Solution File, Format Version 12.00
# Visual Studio Version 17
VisualStudioVersion = 17.9.34728.123
MinimumVisualStudioVersion = 10.0.40219.1
Project("{9A19103F-16F7-4668-BE54-9A1E7A4F7556}") = "SonicStore", "SonicStore.csproj", "{18A0AD58-274C-41CF-8FDC-006717678180}"
EndProject
Project("{FAE04EC0-301F-11D3-BF4B-00C04F79EFBC}") = "SonicStore.Business", "..\SonicStore.Business\SonicStore.Business.csproj", "{B98FDEC2-C263-4D46-8620-FFB08F845AFD}"
EndProject
Project("{FAE04EC0-301F-11D3-BF4B-00C04F79EFBC}") = "SonicStore.Repository", "..\SonicStore.Repository\SonicStore.Repository.csproj", "{21F0391D-54AA-407E-B0FE-DDE3D98B9125}"
EndProject
Project("{FAE04EC0-301F-11D3-BF4B-00C04F79EFBC}") = "SonicStore.Common", "..\SonicStore.Common\SonicStore.Common.csproj", "{84D3D3F9-52B4-4728-BEC2-C8D50D3131BC}"
EndProject
Global
	GlobalSection(SolutionConfigurationPlatforms) = preSolution
		Debug|Any CPU = Debug|Any CPU
		Release|Any CPU = Release|Any CPU
	EndGlobalSection
	GlobalSection(ProjectConfigurationPlatforms) = postSolution
		{18A0AD58-274C-41CF-8FDC-006717678180}.Debug|Any CPU.ActiveCfg = Debug|Any CPU
		{18A0AD58-274C-41CF-8FDC-006717678180}.Debug|Any CPU.Build.0 = Debug|Any CPU
		{18A0AD58-274C-41CF-8FDC-006717678180}.Release|Any CPU.ActiveCfg = Release|Any CPU
		{18A0AD58-274C-41CF-8FDC-006717678180}.Release|Any CPU.Build.0 = Release|Any CPU
		{B98FDEC2-C263-4D46-8620-FFB08F845AFD}.Debug|Any CPU.ActiveCfg = Debug|Any CPU
		{B98FDEC2-C263-4D46-8620-FFB08F845AFD}.Debug|Any CPU.Build.0 = Debug|Any CPU
		{B98FDEC2-C263-4D46-8620-FFB08F845AFD}.Release|Any CPU.ActiveCfg = Release|Any CPU
		{B98FDEC2-C263-4D46-8620-FFB08F845AFD}.Release|Any CPU.Build.0 = Release|Any CPU
		{21F0391D-54AA-407E-B0FE-DDE3D98B9125}.Debug|Any CPU.ActiveCfg = Debug|Any CPU
		{21F0391D-54AA-407E-B0FE-DDE3D98B9125}.Debug|Any CPU.Build.0 = Debug|Any CPU
		{21F0391D-54AA-407E-B0FE-DDE3D98B9125}.Release|Any CPU.ActiveCfg = Release|Any CPU
		{21F0391D-54AA-407E-B0FE-DDE3D98B9125}.Release|Any CPU.Build.0 = Release|Any CPU
		{84D3D3F9-52B4-4728-BEC2-C8D50D3131BC}.Debug|Any CPU.ActiveCfg = Debug|Any CPU
		{84D3D3F9-52B4-4728-BEC2-C8D50D3131BC}.Debug|Any CPU.Build.0 = Debug|Any CPU
		{84D3D3F9-52B4-4728-BEC2-C8D50D3131BC}.Release|Any CPU.ActiveCfg = Release|Any CPU
		{84D3D3F9-52B4-4728-BEC2-C8D50D3131BC}.Release|Any CPU.Build.0 = Release|Any CPU
	EndGlobalSection
	GlobalSection(SolutionProperties) = preSolution
		HideSolutionNode = FALSE
	EndGlobalSection
	GlobalSection(ExtensibilityGlobals) = postSolution
		SolutionGuid = {073C9DC1-9A44-4ED0-A093-006A5FA3A071}
	EndGlobalSection
EndGlobal
